
Microsoft Visual Studio Solution File, Format Version 12.00
# Visual Studio Version 17
VisualStudioVersion = 17.2.32616.157
MinimumVisualStudioVersion = 10.0.40219.1
Project("{FAE04EC0-301F-11D3-BF4B-00C04F79EFBC}") = "MVCApplication1", "MVCApplication1\MVCApplication1.csproj", "{4BB63003-B983-42C3-AA85-7ABB768D1C71}"
EndProject
Global
	GlobalSection(SolutionConfigurationPlatforms) = preSolution
		Debug|Any CPU = Debug|Any CPU
		Release|Any CPU = Release|Any CPU
	EndGlobalSection
	GlobalSection(ProjectConfigurationPlatforms) = postSolution
		{4BB63003-B983-42C3-AA85-7ABB768D1C71}.Debug|Any CPU.ActiveCfg = Debug|Any CPU
		{4BB63003-B983-42C3-AA85-7ABB768D1C71}.Debug|Any CPU.Build.0 = Debug|Any CPU
		{4BB63003-B983-42C3-AA85-7ABB768D1C71}.Release|Any CPU.ActiveCfg = Release|Any CPU
		{4BB63003-B983-42C3-AA85-7ABB768D1C71}.Release|Any CPU.Build.0 = Release|Any CPU
	EndGlobalSection
	GlobalSection(SolutionProperties) = preSolution
		HideSolutionNode = FALSE
	EndGlobalSection
	GlobalSection(ExtensibilityGlobals) = postSolution
		SolutionGuid = {BC49AA25-A1A7-435E-95CC-6D7027FB2B03}
	EndGlobalSection
EndGlobal
